
Microsoft Visual Studio Solution File, Format Version 12.00
# Visual Studio Version 17
VisualStudioVersion = 17.9.34728.123
MinimumVisualStudioVersion = 10.0.40219.1
Project("{2150E333-8FDC-42A3-9474-1A3956D46DE8}") = "Services", "Services", "{D7A9A1B8-602E-4916-AB07-67262D9CECA0}"
EndProject
Project("{2150E333-8FDC-42A3-9474-1A3956D46DE8}") = "WebApps", "WebApps", "{9552EE54-2C73-44B7-B96C-5A117DA4291C}"
EndProject
Project("{2150E333-8FDC-42A3-9474-1A3956D46DE8}") = "Cadastros", "Cadastros", "{F2F61FC2-C8D7-4525-B01C-3B7905B5553F}"
EndProject
Project("{2150E333-8FDC-42A3-9474-1A3956D46DE8}") = "Catalogo", "Catalogo", "{FAABB408-8F6F-4A9D-8033-C5C6B5B5BDF3}"
EndProject
Project("{2150E333-8FDC-42A3-9474-1A3956D46DE8}") = "Core", "Core", "{D16211EB-E6D6-4EDD-9F25-DE283A52FA87}"
EndProject
Project("{2150E333-8FDC-42A3-9474-1A3956D46DE8}") = "Fiscal", "Fiscal", "{B38EE64F-CA52-4E96-9A53-819E378A7F81}"
EndProject
Project("{2150E333-8FDC-42A3-9474-1A3956D46DE8}") = "Pagamentos", "Pagamentos", "{6C2A87FD-5C8B-42A8-9F6E-7FA7D7CCF4BA}"
EndProject
Project("{2150E333-8FDC-42A3-9474-1A3956D46DE8}") = "Vendas", "Vendas", "{2BCD2A1E-CF4F-4E5F-BF34-7A4522E8228D}"
EndProject
Project("{9A19103F-16F7-4668-BE54-9A1E7A4F7556}") = "NerdStore.Catalogo.Domain", "src\NerdStore.Catalogo.Domain\NerdStore.Catalogo.Domain.csproj", "{0FC200DF-011D-4E3B-87F4-88CFC86E31AD}"
EndProject
Project("{9A19103F-16F7-4668-BE54-9A1E7A4F7556}") = "NerdStore.Core", "src\NerdStore.Core\NerdStore.Core.csproj", "{4050E670-3341-4545-8566-64EE378BE6DF}"
EndProject
Project("{9A19103F-16F7-4668-BE54-9A1E7A4F7556}") = "NedStore.Catalogo.Data", "src\NedStore.Catalogo.Data\NedStore.Catalogo.Data.csproj", "{CF14B2D9-37E2-4F5D-8666-83B91F420C1A}"
EndProject
Project("{9A19103F-16F7-4668-BE54-9A1E7A4F7556}") = "NerdStore.Catalogo.Application", "src\NerdStore.Catalogo.Application\NerdStore.Catalogo.Application.csproj", "{F0AB869E-C408-4965-93E3-822F9E3FCF44}"
EndProject
Project("{9A19103F-16F7-4668-BE54-9A1E7A4F7556}") = "NerdStore.WebApp.MVC", "src\NerdStore.WebApp.MVC\NerdStore.WebApp.MVC.csproj", "{2C372B64-A0D5-40DC-8611-128ABEA22903}"
EndProject
Project("{FAE04EC0-301F-11D3-BF4B-00C04F79EFBC}") = "NerdStore.Vendas.Domain", "src\NerdStore.Vendas.Domain\NerdStore.Vendas.Domain.csproj", "{ECAACFEE-190F-421C-BB6E-499DE5D14416}"
EndProject
Project("{FAE04EC0-301F-11D3-BF4B-00C04F79EFBC}") = "NerdStore.Vendas.Application", "src\NerdStore.Vendas.Application\NerdStore.Vendas.Application.csproj", "{65A5C899-A5F6-4DC9-96A1-AAECA4FF1053}"
EndProject
Project("{FAE04EC0-301F-11D3-BF4B-00C04F79EFBC}") = "NerdStore.Vendas.Data", "src\NerdStore.Vendas.Data\NerdStore.Vendas.Data.csproj", "{CF9DFB01-A5E9-476B-AAFF-CAAFA23F1A2B}"
EndProject
Global
	GlobalSection(SolutionConfigurationPlatforms) = preSolution
		Debug|Any CPU = Debug|Any CPU
		Release|Any CPU = Release|Any CPU
	EndGlobalSection
	GlobalSection(ProjectConfigurationPlatforms) = postSolution
		{0FC200DF-011D-4E3B-87F4-88CFC86E31AD}.Debug|Any CPU.ActiveCfg = Debug|Any CPU
		{0FC200DF-011D-4E3B-87F4-88CFC86E31AD}.Debug|Any CPU.Build.0 = Debug|Any CPU
		{0FC200DF-011D-4E3B-87F4-88CFC86E31AD}.Release|Any CPU.ActiveCfg = Release|Any CPU
		{0FC200DF-011D-4E3B-87F4-88CFC86E31AD}.Release|Any CPU.Build.0 = Release|Any CPU
		{4050E670-3341-4545-8566-64EE378BE6DF}.Debug|Any CPU.ActiveCfg = Debug|Any CPU
		{4050E670-3341-4545-8566-64EE378BE6DF}.Debug|Any CPU.Build.0 = Debug|Any CPU
		{4050E670-3341-4545-8566-64EE378BE6DF}.Release|Any CPU.ActiveCfg = Release|Any CPU
		{4050E670-3341-4545-8566-64EE378BE6DF}.Release|Any CPU.Build.0 = Release|Any CPU
		{CF14B2D9-37E2-4F5D-8666-83B91F420C1A}.Debug|Any CPU.ActiveCfg = Debug|Any CPU
		{CF14B2D9-37E2-4F5D-8666-83B91F420C1A}.Debug|Any CPU.Build.0 = Debug|Any CPU
		{CF14B2D9-37E2-4F5D-8666-83B91F420C1A}.Release|Any CPU.ActiveCfg = Release|Any CPU
		{CF14B2D9-37E2-4F5D-8666-83B91F420C1A}.Release|Any CPU.Build.0 = Release|Any CPU
		{F0AB869E-C408-4965-93E3-822F9E3FCF44}.Debug|Any CPU.ActiveCfg = Debug|Any CPU
		{F0AB869E-C408-4965-93E3-822F9E3FCF44}.Debug|Any CPU.Build.0 = Debug|Any CPU
		{F0AB869E-C408-4965-93E3-822F9E3FCF44}.Release|Any CPU.ActiveCfg = Release|Any CPU
		{F0AB869E-C408-4965-93E3-822F9E3FCF44}.Release|Any CPU.Build.0 = Release|Any CPU
		{2C372B64-A0D5-40DC-8611-128ABEA22903}.Debug|Any CPU.ActiveCfg = Debug|Any CPU
		{2C372B64-A0D5-40DC-8611-128ABEA22903}.Debug|Any CPU.Build.0 = Debug|Any CPU
		{2C372B64-A0D5-40DC-8611-128ABEA22903}.Release|Any CPU.ActiveCfg = Release|Any CPU
		{2C372B64-A0D5-40DC-8611-128ABEA22903}.Release|Any CPU.Build.0 = Release|Any CPU
		{ECAACFEE-190F-421C-BB6E-499DE5D14416}.Debug|Any CPU.ActiveCfg = Debug|Any CPU
		{ECAACFEE-190F-421C-BB6E-499DE5D14416}.Debug|Any CPU.Build.0 = Debug|Any CPU
		{ECAACFEE-190F-421C-BB6E-499DE5D14416}.Release|Any CPU.ActiveCfg = Release|Any CPU
		{ECAACFEE-190F-421C-BB6E-499DE5D14416}.Release|Any CPU.Build.0 = Release|Any CPU
		{65A5C899-A5F6-4DC9-96A1-AAECA4FF1053}.Debug|Any CPU.ActiveCfg = Debug|Any CPU
		{65A5C899-A5F6-4DC9-96A1-AAECA4FF1053}.Debug|Any CPU.Build.0 = Debug|Any CPU
		{65A5C899-A5F6-4DC9-96A1-AAECA4FF1053}.Release|Any CPU.ActiveCfg = Release|Any CPU
		{65A5C899-A5F6-4DC9-96A1-AAECA4FF1053}.Release|Any CPU.Build.0 = Release|Any CPU
		{CF9DFB01-A5E9-476B-AAFF-CAAFA23F1A2B}.Debug|Any CPU.ActiveCfg = Debug|Any CPU
		{CF9DFB01-A5E9-476B-AAFF-CAAFA23F1A2B}.Debug|Any CPU.Build.0 = Debug|Any CPU
		{CF9DFB01-A5E9-476B-AAFF-CAAFA23F1A2B}.Release|Any CPU.ActiveCfg = Release|Any CPU
		{CF9DFB01-A5E9-476B-AAFF-CAAFA23F1A2B}.Release|Any CPU.Build.0 = Release|Any CPU
	EndGlobalSection
	GlobalSection(SolutionProperties) = preSolution
		HideSolutionNode = FALSE
	EndGlobalSection
	GlobalSection(NestedProjects) = preSolution
		{F2F61FC2-C8D7-4525-B01C-3B7905B5553F} = {D7A9A1B8-602E-4916-AB07-67262D9CECA0}
		{FAABB408-8F6F-4A9D-8033-C5C6B5B5BDF3} = {D7A9A1B8-602E-4916-AB07-67262D9CECA0}
		{D16211EB-E6D6-4EDD-9F25-DE283A52FA87} = {D7A9A1B8-602E-4916-AB07-67262D9CECA0}
		{B38EE64F-CA52-4E96-9A53-819E378A7F81} = {D7A9A1B8-602E-4916-AB07-67262D9CECA0}
		{6C2A87FD-5C8B-42A8-9F6E-7FA7D7CCF4BA} = {D7A9A1B8-602E-4916-AB07-67262D9CECA0}
		{2BCD2A1E-CF4F-4E5F-BF34-7A4522E8228D} = {D7A9A1B8-602E-4916-AB07-67262D9CECA0}
		{0FC200DF-011D-4E3B-87F4-88CFC86E31AD} = {FAABB408-8F6F-4A9D-8033-C5C6B5B5BDF3}
		{4050E670-3341-4545-8566-64EE378BE6DF} = {D16211EB-E6D6-4EDD-9F25-DE283A52FA87}
		{CF14B2D9-37E2-4F5D-8666-83B91F420C1A} = {FAABB408-8F6F-4A9D-8033-C5C6B5B5BDF3}
		{F0AB869E-C408-4965-93E3-822F9E3FCF44} = {FAABB408-8F6F-4A9D-8033-C5C6B5B5BDF3}
		{2C372B64-A0D5-40DC-8611-128ABEA22903} = {9552EE54-2C73-44B7-B96C-5A117DA4291C}
		{ECAACFEE-190F-421C-BB6E-499DE5D14416} = {2BCD2A1E-CF4F-4E5F-BF34-7A4522E8228D}
		{65A5C899-A5F6-4DC9-96A1-AAECA4FF1053} = {2BCD2A1E-CF4F-4E5F-BF34-7A4522E8228D}
		{CF9DFB01-A5E9-476B-AAFF-CAAFA23F1A2B} = {2BCD2A1E-CF4F-4E5F-BF34-7A4522E8228D}
	EndGlobalSection
	GlobalSection(ExtensibilityGlobals) = postSolution
		SolutionGuid = {F041B410-830D-4ECB-B2DF-323243AB95EC}
	EndGlobalSection
EndGlobal
